// !$*UTF8*$!
{
	archiveVersion = 1;
	classes = {
	};
	objectVersion = 63;
	objects = {

/* Begin PBXBuildFile section */
		95418CB72BF23C4400898743 /* AppDelegate.swift in Sources */ = {isa = PBXBuildFile; fileRef = 95418CB62BF23C4400898743 /* AppDelegate.swift */; };
		95418CB92BF23C4400898743 /* SceneDelegate.swift in Sources */ = {isa = PBXBuildFile; fileRef = 95418CB82BF23C4400898743 /* SceneDelegate.swift */; };
		95418CBB2BF23C4400898743 /* ViewController.swift in Sources */ = {isa = PBXBuildFile; fileRef = 95418CBA2BF23C4400898743 /* ViewController.swift */; };
		95418CBE2BF23C4400898743 /* Base in Resources */ = {isa = PBXBuildFile; fileRef = 95418CBD2BF23C4400898743 /* Base */; };
		95418CC02BF23C4500898743 /* Assets.xcassets in Resources */ = {isa = PBXBuildFile; fileRef = 95418CBF2BF23C4500898743 /* Assets.xcassets */; };
		95418CC32BF23C4500898743 /* Base in Resources */ = {isa = PBXBuildFile; fileRef = 95418CC22BF23C4500898743 /* Base */; };
		95418CD12BF23CCD00898743 /* UniformTypeIdentifiers.framework in Frameworks */ = {isa = PBXBuildFile; fileRef = 95418CD02BF23CCD00898743 /* UniformTypeIdentifiers.framework */; };
		95418CD42BF23CCD00898743 /* Media.xcassets in Resources */ = {isa = PBXBuildFile; fileRef = 95418CD32BF23CCD00898743 /* Media.xcassets */; };
		95418CD62BF23CCD00898743 /* ActionViewController.swift in Sources */ = {isa = PBXBuildFile; fileRef = 95418CD52BF23CCD00898743 /* ActionViewController.swift */; };
		95418CD92BF23CCD00898743 /* Base in Resources */ = {isa = PBXBuildFile; fileRef = 95418CD82BF23CCD00898743 /* Base */; };
		95418CDD2BF23CCD00898743 /* Extension.appex in Embed Foundation Extensions */ = {isa = PBXBuildFile; fileRef = 95418CCE2BF23CCD00898743 /* Extension.appex */; settings = {ATTRIBUTES = (RemoveHeadersOnCopy, ); }; };
		95418CE32BF23DDF00898743 /* Action.js in Resources */ = {isa = PBXBuildFile; fileRef = 95418CE22BF23DDF00898743 /* Action.js */; };
/* End PBXBuildFile section */

/* Begin PBXContainerItemProxy section */
		95418CDB2BF23CCD00898743 /* PBXContainerItemProxy */ = {
			isa = PBXContainerItemProxy;
			containerPortal = 95418CAB2BF23C4300898743 /* Project object */;
			proxyType = 1;
			remoteGlobalIDString = 95418CCD2BF23CCD00898743;
			remoteInfo = Extension;
		};
/* End PBXContainerItemProxy section */

/* Begin PBXCopyFilesBuildPhase section */
		95418CE12BF23CCD00898743 /* Embed Foundation Extensions */ = {
			isa = PBXCopyFilesBuildPhase;
			buildActionMask = 2147483647;
			dstPath = "";
			dstSubfolderSpec = 13;
			files = (
				95418CDD2BF23CCD00898743 /* Extension.appex in Embed Foundation Extensions */,
			);
			name = "Embed Foundation Extensions";
			runOnlyForDeploymentPostprocessing = 0;
		};
/* End PBXCopyFilesBuildPhase section */

/* Begin PBXFileReference section */
		95418CB32BF23C4400898743 /* Project19-JavascriptInjection.app */ = {isa = PBXFileReference; explicitFileType = wrapper.application; includeInIndex = 0; path = "Project19-JavascriptInjection.app"; sourceTree = BUILT_PRODUCTS_DIR; };
		95418CB62BF23C4400898743 /* AppDelegate.swift */ = {isa = PBXFileReference; lastKnownFileType = sourcecode.swift; path = AppDelegate.swift; sourceTree = "<group>"; };
		95418CB82BF23C4400898743 /* SceneDelegate.swift */ = {isa = PBXFileReference; lastKnownFileType = sourcecode.swift; path = SceneDelegate.swift; sourceTree = "<group>"; };
		95418CBA2BF23C4400898743 /* ViewController.swift */ = {isa = PBXFileReference; lastKnownFileType = sourcecode.swift; path = ViewController.swift; sourceTree = "<group>"; };
		95418CBD2BF23C4400898743 /* Base */ = {isa = PBXFileReference; lastKnownFileType = file.storyboard; name = Base; path = Base.lproj/Main.storyboard; sourceTree = "<group>"; };
		95418CBF2BF23C4500898743 /* Assets.xcassets */ = {isa = PBXFileReference; lastKnownFileType = folder.assetcatalog; path = Assets.xcassets; sourceTree = "<group>"; };
		95418CC22BF23C4500898743 /* Base */ = {isa = PBXFileReference; lastKnownFileType = file.storyboard; name = Base; path = Base.lproj/LaunchScreen.storyboard; sourceTree = "<group>"; };
		95418CC42BF23C4500898743 /* Info.plist */ = {isa = PBXFileReference; lastKnownFileType = text.plist.xml; path = Info.plist; sourceTree = "<group>"; };
		95418CCE2BF23CCD00898743 /* Extension.appex */ = {isa = PBXFileReference; explicitFileType = "wrapper.app-extension"; includeInIndex = 0; path = Extension.appex; sourceTree = BUILT_PRODUCTS_DIR; };
		95418CD02BF23CCD00898743 /* UniformTypeIdentifiers.framework */ = {isa = PBXFileReference; lastKnownFileType = wrapper.framework; name = UniformTypeIdentifiers.framework; path = System/Library/Frameworks/UniformTypeIdentifiers.framework; sourceTree = SDKROOT; };
		95418CD32BF23CCD00898743 /* Media.xcassets */ = {isa = PBXFileReference; lastKnownFileType = folder.assetcatalog; path = Media.xcassets; sourceTree = "<group>"; };
		95418CD52BF23CCD00898743 /* ActionViewController.swift */ = {isa = PBXFileReference; lastKnownFileType = sourcecode.swift; path = ActionViewController.swift; sourceTree = "<group>"; };
		95418CD82BF23CCD00898743 /* Base */ = {isa = PBXFileReference; lastKnownFileType = file.storyboard; name = Base; path = Base.lproj/MainInterface.storyboard; sourceTree = "<group>"; };
		95418CDA2BF23CCD00898743 /* Info.plist */ = {isa = PBXFileReference; lastKnownFileType = text.plist.xml; path = Info.plist; sourceTree = "<group>"; };
		95418CE22BF23DDF00898743 /* Action.js */ = {isa = PBXFileReference; lastKnownFileType = sourcecode.javascript; path = Action.js; sourceTree = "<group>"; };
/* End PBXFileReference section */

/* Begin PBXFrameworksBuildPhase section */
		95418CB02BF23C4400898743 /* Frameworks */ = {
			isa = PBXFrameworksBuildPhase;
			buildActionMask = 2147483647;
			files = (
			);
			runOnlyForDeploymentPostprocessing = 0;
		};
		95418CCB2BF23CCD00898743 /* Frameworks */ = {
			isa = PBXFrameworksBuildPhase;
			buildActionMask = 2147483647;
			files = (
				95418CD12BF23CCD00898743 /* UniformTypeIdentifiers.framework in Frameworks */,
			);
			runOnlyForDeploymentPostprocessing = 0;
		};
/* End PBXFrameworksBuildPhase section */

/* Begin PBXGroup section */
		95418CAA2BF23C4300898743 = {
			isa = PBXGroup;
			children = (
				95418CB52BF23C4400898743 /* Project19-JavascriptInjection */,
				95418CD22BF23CCD00898743 /* Extension */,
				95418CCF2BF23CCD00898743 /* Frameworks */,
				95418CB42BF23C4400898743 /* Products */,
			);
			sourceTree = "<group>";
		};
		95418CB42BF23C4400898743 /* Products */ = {
			isa = PBXGroup;
			children = (
				95418CB32BF23C4400898743 /* Project19-JavascriptInjection.app */,
				95418CCE2BF23CCD00898743 /* Extension.appex */,
			);
			name = Products;
			sourceTree = "<group>";
		};
		95418CB52BF23C4400898743 /* Project19-JavascriptInjection */ = {
			isa = PBXGroup;
			children = (
				95418CB62BF23C4400898743 /* AppDelegate.swift */,
				95418CB82BF23C4400898743 /* SceneDelegate.swift */,
				95418CBA2BF23C4400898743 /* ViewController.swift */,
				95418CBC2BF23C4400898743 /* Main.storyboard */,
				95418CBF2BF23C4500898743 /* Assets.xcassets */,
				95418CC12BF23C4500898743 /* LaunchScreen.storyboard */,
				95418CC42BF23C4500898743 /* Info.plist */,
			);
			path = "Project19-JavascriptInjection";
			sourceTree = "<group>";
		};
		95418CCF2BF23CCD00898743 /* Frameworks */ = {
			isa = PBXGroup;
			children = (
				95418CD02BF23CCD00898743 /* UniformTypeIdentifiers.framework */,
			);
			name = Frameworks;
			sourceTree = "<group>";
		};
		95418CD22BF23CCD00898743 /* Extension */ = {
			isa = PBXGroup;
			children = (
				95418CD32BF23CCD00898743 /* Media.xcassets */,
				95418CD52BF23CCD00898743 /* ActionViewController.swift */,
				95418CD72BF23CCD00898743 /* MainInterface.storyboard */,
				95418CDA2BF23CCD00898743 /* Info.plist */,
				95418CE22BF23DDF00898743 /* Action.js */,
			);
			path = Extension;
			sourceTree = "<group>";
		};
/* End PBXGroup section */

/* Begin PBXNativeTarget section */
		95418CB22BF23C4400898743 /* Project19-JavascriptInjection */ = {
			isa = PBXNativeTarget;
			buildConfigurationList = 95418CC72BF23C4500898743 /* Build configuration list for PBXNativeTarget "Project19-JavascriptInjection" */;
			buildPhases = (
				95418CAF2BF23C4400898743 /* Sources */,
				95418CB02BF23C4400898743 /* Frameworks */,
				95418CB12BF23C4400898743 /* Resources */,
				95418CE12BF23CCD00898743 /* Embed Foundation Extensions */,
			);
			buildRules = (
			);
			dependencies = (
				95418CDC2BF23CCD00898743 /* PBXTargetDependency */,
			);
			name = "Project19-JavascriptInjection";
			productName = "Project19-JavascriptInjection";
			productReference = 95418CB32BF23C4400898743 /* Project19-JavascriptInjection.app */;
			productType = "com.apple.product-type.application";
		};
		95418CCD2BF23CCD00898743 /* Extension */ = {
			isa = PBXNativeTarget;
			buildConfigurationList = 95418CDE2BF23CCD00898743 /* Build configuration list for PBXNativeTarget "Extension" */;
			buildPhases = (
				95418CCA2BF23CCD00898743 /* Sources */,
				95418CCB2BF23CCD00898743 /* Frameworks */,
				95418CCC2BF23CCD00898743 /* Resources */,
			);
			buildRules = (
			);
			dependencies = (
			);
			name = Extension;
			productName = Extension;
			productReference = 95418CCE2BF23CCD00898743 /* Extension.appex */;
			productType = "com.apple.product-type.app-extension";
		};
/* End PBXNativeTarget section */

/* Begin PBXProject section */
		95418CAB2BF23C4300898743 /* Project object */ = {
			isa = PBXProject;
			attributes = {
				BuildIndependentTargetsInParallel = 1;
				LastSwiftUpdateCheck = 1530;
				LastUpgradeCheck = 1530;
				TargetAttributes = {
					95418CB22BF23C4400898743 = {
						CreatedOnToolsVersion = 15.3;
					};
					95418CCD2BF23CCD00898743 = {
						CreatedOnToolsVersion = 15.3;
					};
				};
			};
			buildConfigurationList = 95418CAE2BF23C4300898743 /* Build configuration list for PBXProject "Project19-JavascriptInjection" */;
			compatibilityVersion = "Xcode 15.3";
			developmentRegion = en;
			hasScannedForEncodings = 0;
			knownRegions = (
				en,
				Base,
			);
			mainGroup = 95418CAA2BF23C4300898743;
			productRefGroup = 95418CB42BF23C4400898743 /* Products */;
			projectDirPath = "";
			projectRoot = "";
			targets = (
				95418CB22BF23C4400898743 /* Project19-JavascriptInjection */,
				95418CCD2BF23CCD00898743 /* Extension */,
			);
		};
/* End PBXProject section */

/* Begin PBXResourcesBuildPhase section */
		95418CB12BF23C4400898743 /* Resources */ = {
			isa = PBXResourcesBuildPhase;
			buildActionMask = 2147483647;
			files = (
				95418CC02BF23C4500898743 /* Assets.xcassets in Resources */,
				95418CC32BF23C4500898743 /* Base in Resources */,
				95418CBE2BF23C4400898743 /* Base in Resources */,
			);
			runOnlyForDeploymentPostprocessing = 0;
		};
		95418CCC2BF23CCD00898743 /* Resources */ = {
			isa = PBXResourcesBuildPhase;
			buildActionMask = 2147483647;
			files = (
				95418CE32BF23DDF00898743 /* Action.js in Resources */,
				95418CD42BF23CCD00898743 /* Media.xcassets in Resources */,
				95418CD92BF23CCD00898743 /* Base in Resources */,
			);
			runOnlyForDeploymentPostprocessing = 0;
		};
/* End PBXResourcesBuildPhase section */

/* Begin PBXSourcesBuildPhase section */
		95418CAF2BF23C4400898743 /* Sources */ = {
			isa = PBXSourcesBuildPhase;
			buildActionMask = 2147483647;
			files = (
				95418CBB2BF23C4400898743 /* ViewController.swift in Sources */,
				95418CB72BF23C4400898743 /* AppDelegate.swift in Sources */,
				95418CB92BF23C4400898743 /* SceneDelegate.swift in Sources */,
			);
			runOnlyForDeploymentPostprocessing = 0;
		};
		95418CCA2BF23CCD00898743 /* Sources */ = {
			isa = PBXSourcesBuildPhase;
			buildActionMask = 2147483647;
			files = (
				95418CD62BF23CCD00898743 /* ActionViewController.swift in Sources */,
			);
			runOnlyForDeploymentPostprocessing = 0;
		};
/* End PBXSourcesBuildPhase section */

/* Begin PBXTargetDependency section */
		95418CDC2BF23CCD00898743 /* PBXTargetDependency */ = {
			isa = PBXTargetDependency;
			target = 95418CCD2BF23CCD00898743 /* Extension */;
			targetProxy = 95418CDB2BF23CCD00898743 /* PBXContainerItemProxy */;
		};
/* End PBXTargetDependency section */

/* Begin PBXVariantGroup section */
		95418CBC2BF23C4400898743 /* Main.storyboard */ = {
			isa = PBXVariantGroup;
			children = (
				95418CBD2BF23C4400898743 /* Base */,
			);
			name = Main.storyboard;
			sourceTree = "<group>";
		};
		95418CC12BF23C4500898743 /* LaunchScreen.storyboard */ = {
			isa = PBXVariantGroup;
			children = (
				95418CC22BF23C4500898743 /* Base */,
			);
			name = LaunchScreen.storyboard;
			sourceTree = "<group>";
		};
		95418CD72BF23CCD00898743 /* MainInterface.storyboard */ = {
			isa = PBXVariantGroup;
			children = (
				95418CD82BF23CCD00898743 /* Base */,
			);
			name = MainInterface.storyboard;
			sourceTree = "<group>";
		};
/* End PBXVariantGroup section */

/* Begin XCBuildConfiguration section */
		95418CC52BF23C4500898743 /* Debug */ = {
			isa = XCBuildConfiguration;
			buildSettings = {
				ALWAYS_SEARCH_USER_PATHS = NO;
				ASSETCATALOG_COMPILER_GENERATE_SWIFT_ASSET_SYMBOL_EXTENSIONS = YES;
				CLANG_ANALYZER_NONNULL = YES;
				CLANG_ANALYZER_NUMBER_OBJECT_CONVERSION = YES_AGGRESSIVE;
				CLANG_CXX_LANGUAGE_STANDARD = "gnu++20";
				CLANG_ENABLE_MODULES = YES;
				CLANG_ENABLE_OBJC_ARC = YES;
				CLANG_ENABLE_OBJC_WEAK = YES;
				CLANG_WARN_BLOCK_CAPTURE_AUTORELEASING = YES;
				CLANG_WARN_BOOL_CONVERSION = YES;
				CLANG_WARN_COMMA = YES;
				CLANG_WARN_CONSTANT_CONVERSION = YES;
				CLANG_WARN_DEPRECATED_OBJC_IMPLEMENTATIONS = YES;
				CLANG_WARN_DIRECT_OBJC_ISA_USAGE = YES_ERROR;
				CLANG_WARN_DOCUMENTATION_COMMENTS = YES;
				CLANG_WARN_EMPTY_BODY = YES;
				CLANG_WARN_ENUM_CONVERSION = YES;
				CLANG_WARN_INFINITE_RECURSION = YES;
				CLANG_WARN_INT_CONVERSION = YES;
				CLANG_WARN_NON_LITERAL_NULL_CONVERSION = YES;
				CLANG_WARN_OBJC_IMPLICIT_RETAIN_SELF = YES;
				CLANG_WARN_OBJC_LITERAL_CONVERSION = YES;
				CLANG_WARN_OBJC_ROOT_CLASS = YES_ERROR;
				CLANG_WARN_QUOTED_INCLUDE_IN_FRAMEWORK_HEADER = YES;
				CLANG_WARN_RANGE_LOOP_ANALYSIS = YES;
				CLANG_WARN_STRICT_PROTOTYPES = YES;
				CLANG_WARN_SUSPICIOUS_MOVE = YES;
				CLANG_WARN_UNGUARDED_AVAILABILITY = YES_AGGRESSIVE;
				CLANG_WARN_UNREACHABLE_CODE = YES;
				CLANG_WARN__DUPLICATE_METHOD_MATCH = YES;
				COPY_PHASE_STRIP = NO;
				DEBUG_INFORMATION_FORMAT = dwarf;
				ENABLE_STRICT_OBJC_MSGSEND = YES;
				ENABLE_TESTABILITY = YES;
				ENABLE_USER_SCRIPT_SANDBOXING = YES;
				GCC_C_LANGUAGE_STANDARD = gnu17;
				GCC_DYNAMIC_NO_PIC = NO;
				GCC_NO_COMMON_BLOCKS = YES;
				GCC_OPTIMIZATION_LEVEL = 0;
				GCC_PREPROCESSOR_DEFINITIONS = (
					"DEBUG=1",
					"$(inherited)",
				);
				GCC_WARN_64_TO_32_BIT_CONVERSION = YES;
				GCC_WARN_ABOUT_RETURN_TYPE = YES_ERROR;
				GCC_WARN_UNDECLARED_SELECTOR = YES;
				GCC_WARN_UNINITIALIZED_AUTOS = YES_AGGRESSIVE;
				GCC_WARN_UNUSED_FUNCTION = YES;
				GCC_WARN_UNUSED_VARIABLE = YES;
				IPHONEOS_DEPLOYMENT_TARGET = 17.4;
				LOCALIZATION_PREFERS_STRING_CATALOGS = YES;
				MTL_ENABLE_DEBUG_INFO = INCLUDE_SOURCE;
				MTL_FAST_MATH = YES;
				ONLY_ACTIVE_ARCH = YES;
				SDKROOT = iphoneos;
				SWIFT_ACTIVE_COMPILATION_CONDITIONS = "DEBUG $(inherited)";
				SWIFT_OPTIMIZATION_LEVEL = "-Onone";
			};
			name = Debug;
		};
		95418CC62BF23C4500898743 /* Release */ = {
			isa = XCBuildConfiguration;
			buildSettings = {
				ALWAYS_SEARCH_USER_PATHS = NO;
				ASSETCATALOG_COMPILER_GENERATE_SWIFT_ASSET_SYMBOL_EXTENSIONS = YES;
				CLANG_ANALYZER_NONNULL = YES;
				CLANG_ANALYZER_NUMBER_OBJECT_CONVERSION = YES_AGGRESSIVE;
				CLANG_CXX_LANGUAGE_STANDARD = "gnu++20";
				CLANG_ENABLE_MODULES = YES;
				CLANG_ENABLE_OBJC_ARC = YES;
				CLANG_ENABLE_OBJC_WEAK = YES;
				CLANG_WARN_BLOCK_CAPTURE_AUTORELEASING = YES;
				CLANG_WARN_BOOL_CONVERSION = YES;
				CLANG_WARN_COMMA = YES;
				CLANG_WARN_CONSTANT_CONVERSION = YES;
				CLANG_WARN_DEPRECATED_OBJC_IMPLEMENTATIONS = YES;
				CLANG_WARN_DIRECT_OBJC_ISA_USAGE = YES_ERROR;
				CLANG_WARN_DOCUMENTATION_COMMENTS = YES;
				CLANG_WARN_EMPTY_BODY = YES;
				CLANG_WARN_ENUM_CONVERSION = YES;
				CLANG_WARN_INFINITE_RECURSION = YES;
				CLANG_WARN_INT_CONVERSION = YES;
				CLANG_WARN_NON_LITERAL_NULL_CONVERSION = YES;
				CLANG_WARN_OBJC_IMPLICIT_RETAIN_SELF = YES;
				CLANG_WARN_OBJC_LITERAL_CONVERSION = YES;
				CLANG_WARN_OBJC_ROOT_CLASS = YES_ERROR;
				CLANG_WARN_QUOTED_INCLUDE_IN_FRAMEWORK_HEADER = YES;
				CLANG_WARN_RANGE_LOOP_ANALYSIS = YES;
				CLANG_WARN_STRICT_PROTOTYPES = YES;
				CLANG_WARN_SUSPICIOUS_MOVE = YES;
				CLANG_WARN_UNGUARDED_AVAILABILITY = YES_AGGRESSIVE;
				CLANG_WARN_UNREACHABLE_CODE = YES;
				CLANG_WARN__DUPLICATE_METHOD_MATCH = YES;
				COPY_PHASE_STRIP = NO;
				DEBUG_INFORMATION_FORMAT = "dwarf-with-dsym";
				ENABLE_NS_ASSERTIONS = NO;
				ENABLE_STRICT_OBJC_MSGSEND = YES;
				ENABLE_USER_SCRIPT_SANDBOXING = YES;
				GCC_C_LANGUAGE_STANDARD = gnu17;
				GCC_NO_COMMON_BLOCKS = YES;
				GCC_WARN_64_TO_32_BIT_CONVERSION = YES;
				GCC_WARN_ABOUT_RETURN_TYPE = YES_ERROR;
				GCC_WARN_UNDECLARED_SELECTOR = YES;
				GCC_WARN_UNINITIALIZED_AUTOS = YES_AGGRESSIVE;
				GCC_WARN_UNUSED_FUNCTION = YES;
				GCC_WARN_UNUSED_VARIABLE = YES;
				IPHONEOS_DEPLOYMENT_TARGET = 17.4;
				LOCALIZATION_PREFERS_STRING_CATALOGS = YES;
				MTL_ENABLE_DEBUG_INFO = NO;
				MTL_FAST_MATH = YES;
				SDKROOT = iphoneos;
				SWIFT_COMPILATION_MODE = wholemodule;
				VALIDATE_PRODUCT = YES;
			};
			name = Release;
		};
		95418CC82BF23C4500898743 /* Debug */ = {
			isa = XCBuildConfiguration;
			buildSettings = {
				ALWAYS_EMBED_SWIFT_STANDARD_LIBRARIES = YES;
				ASSETCATALOG_COMPILER_APPICON_NAME = AppIcon;
				ASSETCATALOG_COMPILER_GLOBAL_ACCENT_COLOR_NAME = AccentColor;
				CODE_SIGN_STYLE = Automatic;
				CURRENT_PROJECT_VERSION = 1;
				DEVELOPMENT_TEAM = H9BMU2K8BB;
				GENERATE_INFOPLIST_FILE = YES;
				INFOPLIST_FILE = "Project19-JavascriptInjection/Info.plist";
				INFOPLIST_KEY_UIApplicationSupportsIndirectInputEvents = YES;
				INFOPLIST_KEY_UILaunchStoryboardName = LaunchScreen;
				INFOPLIST_KEY_UIMainStoryboardFile = Main;
				INFOPLIST_KEY_UISupportedInterfaceOrientations_iPad = "UIInterfaceOrientationPortrait UIInterfaceOrientationPortraitUpsideDown UIInterfaceOrientationLandscapeLeft UIInterfaceOrientationLandscapeRight";
				INFOPLIST_KEY_UISupportedInterfaceOrientations_iPhone = "UIInterfaceOrientationPortrait UIInterfaceOrientationLandscapeLeft UIInterfaceOrientationLandscapeRight";
				LD_RUNPATH_SEARCH_PATHS = (
					"$(inherited)",
					"@executable_path/Frameworks",
				);
				MARKETING_VERSION = 1.0;
				PRODUCT_BUNDLE_IDENTIFIER = "com.MatteoOrru.Project19-JavascriptInjection";
				PRODUCT_NAME = "$(TARGET_NAME)";
				SWIFT_EMIT_LOC_STRINGS = YES;
				SWIFT_VERSION = 5.0;
				TARGETED_DEVICE_FAMILY = "1,2";
			};
			name = Debug;
		};
		95418CC92BF23C4500898743 /* Release */ = {
			isa = XCBuildConfiguration;
			buildSettings = {
				ALWAYS_EMBED_SWIFT_STANDARD_LIBRARIES = YES;
				ASSETCATALOG_COMPILER_APPICON_NAME = AppIcon;
				ASSETCATALOG_COMPILER_GLOBAL_ACCENT_COLOR_NAME = AccentColor;
				CODE_SIGN_STYLE = Automatic;
				CURRENT_PROJECT_VERSION = 1;
				DEVELOPMENT_TEAM = H9BMU2K8BB;
				GENERATE_INFOPLIST_FILE = YES;
				INFOPLIST_FILE = "Project19-JavascriptInjection/Info.plist";
				INFOPLIST_KEY_UIApplicationSupportsIndirectInputEvents = YES;
				INFOPLIST_KEY_UILaunchStoryboardName = LaunchScreen;
				INFOPLIST_KEY_UIMainStoryboardFile = Main;
				INFOPLIST_KEY_UISupportedInterfaceOrientations_iPad = "UIInterfaceOrientationPortrait UIInterfaceOrientationPortraitUpsideDown UIInterfaceOrientationLandscapeLeft UIInterfaceOrientationLandscapeRight";
				INFOPLIST_KEY_UISupportedInterfaceOrientations_iPhone = "UIInterfaceOrientationPortrait UIInterfaceOrientationLandscapeLeft UIInterfaceOrientationLandscapeRight";
				LD_RUNPATH_SEARCH_PATHS = (
					"$(inherited)",
					"@executable_path/Frameworks",
				);
				MARKETING_VERSION = 1.0;
				PRODUCT_BUNDLE_IDENTIFIER = "com.MatteoOrru.Project19-JavascriptInjection";
				PRODUCT_NAME = "$(TARGET_NAME)";
				SWIFT_EMIT_LOC_STRINGS = YES;
				SWIFT_VERSION = 5.0;
				TARGETED_DEVICE_FAMILY = "1,2";
			};
			name = Release;
		};
		95418CDF2BF23CCD00898743 /* Debug */ = {
			isa = XCBuildConfiguration;
			buildSettings = {
				CODE_SIGN_STYLE = Automatic;
				CURRENT_PROJECT_VERSION = 1;
				DEVELOPMENT_TEAM = H9BMU2K8BB;
				GENERATE_INFOPLIST_FILE = YES;
				INFOPLIST_FILE = Extension/Info.plist;
				INFOPLIST_KEY_CFBundleDisplayName = Extension;
				INFOPLIST_KEY_NSHumanReadableCopyright = "";
				LD_RUNPATH_SEARCH_PATHS = (
					"$(inherited)",
					"@executable_path/Frameworks",
					"@executable_path/../../Frameworks",
				);
				MARKETING_VERSION = 1.0;
				PRODUCT_BUNDLE_IDENTIFIER = "com.MatteoOrru.Project19-JavascriptInjection.Extension";
				PRODUCT_NAME = "$(TARGET_NAME)";
				SKIP_INSTALL = YES;
				SWIFT_EMIT_LOC_STRINGS = YES;
				SWIFT_VERSION = 5.0;
				TARGETED_DEVICE_FAMILY = "1,2";
			};
			name = Debug;
		};
		95418CE02BF23CCD00898743 /* Release */ = {
			isa = XCBuildConfiguration;
			buildSettings = {
				CODE_SIGN_STYLE = Automatic;
				CURRENT_PROJECT_VERSION = 1;
				DEVELOPMENT_TEAM = H9BMU2K8BB;
				GENERATE_INFOPLIST_FILE = YES;
				INFOPLIST_FILE = Extension/Info.plist;
				INFOPLIST_KEY_CFBundleDisplayName = Extension;
				INFOPLIST_KEY_NSHumanReadableCopyright = "";
				LD_RUNPATH_SEARCH_PATHS = (
					"$(inherited)",
					"@executable_path/Frameworks",
					"@executable_path/../../Frameworks",
				);
				MARKETING_VERSION = 1.0;
				PRODUCT_BUNDLE_IDENTIFIER = "com.MatteoOrru.Project19-JavascriptInjection.Extension";
				PRODUCT_NAME = "$(TARGET_NAME)";
				SKIP_INSTALL = YES;
				SWIFT_EMIT_LOC_STRINGS = YES;
				SWIFT_VERSION = 5.0;
				TARGETED_DEVICE_FAMILY = "1,2";
			};
			name = Release;
		};
/* End XCBuildConfiguration section */

/* Begin XCConfigurationList section */
		95418CAE2BF23C4300898743 /* Build configuration list for PBXProject "Project19-JavascriptInjection" */ = {
			isa = XCConfigurationList;
			buildConfigurations = (
				95418CC52BF23C4500898743 /* Debug */,
				95418CC62BF23C4500898743 /* Release */,
			);
			defaultConfigurationIsVisible = 0;
			defaultConfigurationName = Release;
		};
		95418CC72BF23C4500898743 /* Build configuration list for PBXNativeTarget "Project19-JavascriptInjection" */ = {
			isa = XCConfigurationList;
			buildConfigurations = (
				95418CC82BF23C4500898743 /* Debug */,
				95418CC92BF23C4500898743 /* Release */,
			);
			defaultConfigurationIsVisible = 0;
			defaultConfigurationName = Release;
		};
		95418CDE2BF23CCD00898743 /* Build configuration list for PBXNativeTarget "Extension" */ = {
			isa = XCConfigurationList;
			buildConfigurations = (
				95418CDF2BF23CCD00898743 /* Debug */,
				95418CE02BF23CCD00898743 /* Release */,
			);
			defaultConfigurationIsVisible = 0;
			defaultConfigurationName = Release;
		};
/* End XCConfigurationList section */
	};
	rootObject = 95418CAB2BF23C4300898743 /* Project object */;
}
